// !$*UTF8*$!
{
	archiveVersion = 1;
	classes = {
	};
	objectVersion = 50;
	objects = {

/* Begin PBXBuildFile section */
		5F7C223C26F833B80031CC25 /* ResourcePath.mm in Sources */ = {isa = PBXBuildFile; fileRef = 5F7C223B26F833B80031CC25 /* ResourcePath.mm */; };
		5F7C223F26F833B80031CC25 /* main.cpp in Sources */ = {isa = PBXBuildFile; fileRef = 5F7C223E26F833B80031CC25 /* main.cpp */; };
		5F937AED26FFB15600588D20 /* include in Resources */ = {isa = PBXBuildFile; fileRef = 5F937AEC26FFB15600588D20 /* include */; };
		5F937AF126FFB1DD00588D20 /* map.txt in Resources */ = {isa = PBXBuildFile; fileRef = 5F937AF026FFB1DD00588D20 /* map.txt */; };
		5F937AF926FFD59C00588D20 /* btn-settings.png in Resources */ = {isa = PBXBuildFile; fileRef = 5F937AF826FFD59C00588D20 /* btn-settings.png */; };
		5F937AFB26FFD5AC00588D20 /* btn-play.png in Resources */ = {isa = PBXBuildFile; fileRef = 5F937AFA26FFD5AC00588D20 /* btn-play.png */; };
		5F937AFD26FFD6FF00588D20 /* btn-exit.png in Resources */ = {isa = PBXBuildFile; fileRef = 5F937AFC26FFD6FF00588D20 /* btn-exit.png */; };
		5F937AFF26FFDF8100588D20 /* btn-singleplayer.png in Resources */ = {isa = PBXBuildFile; fileRef = 5F937AFE26FFDF8100588D20 /* btn-singleplayer.png */; };
		5F937B0126FFDF9300588D20 /* btn-multiplayer.png in Resources */ = {isa = PBXBuildFile; fileRef = 5F937B0026FFDF9300588D20 /* btn-multiplayer.png */; };
		5F937B0326FFDF9700588D20 /* btn-back.png in Resources */ = {isa = PBXBuildFile; fileRef = 5F937B0226FFDF9700588D20 /* btn-back.png */; };
		5F937B0526FFF36D00588D20 /* btn-joinserver.png in Resources */ = {isa = PBXBuildFile; fileRef = 5F937B0426FFF36D00588D20 /* btn-joinserver.png */; };
		5F937B0726FFF37900588D20 /* btn-createserver.png in Resources */ = {isa = PBXBuildFile; fileRef = 5F937B0626FFF37900588D20 /* btn-createserver.png */; };
		5F937B1027000F9100588D20 /* SourceCodePro-Regular.ttf in Resources */ = {isa = PBXBuildFile; fileRef = 5F937B0F27000F9100588D20 /* SourceCodePro-Regular.ttf */; };
/* End PBXBuildFile section */

/* Begin PBXFileReference section */
		5F7C223626F833B70031CC25 /* 2DShooter.app */ = {isa = PBXFileReference; explicitFileType = wrapper.application; includeInIndex = 0; path = 2DShooter.app; sourceTree = BUILT_PRODUCTS_DIR; };
		5F7C223A26F833B80031CC25 /* 2DShooter-Info.plist */ = {isa = PBXFileReference; lastKnownFileType = text.plist.xml; name = "2DShooter-Info.plist"; path = "../2DShooter-Info.plist"; sourceTree = "<group>"; };
		5F7C223B26F833B80031CC25 /* ResourcePath.mm */ = {isa = PBXFileReference; lastKnownFileType = sourcecode.cpp.objcpp; path = ResourcePath.mm; sourceTree = "<group>"; };
		5F7C223D26F833B80031CC25 /* ResourcePath.hpp */ = {isa = PBXFileReference; lastKnownFileType = sourcecode.cpp.h; path = ResourcePath.hpp; sourceTree = "<group>"; };
		5F7C223E26F833B80031CC25 /* main.cpp */ = {isa = PBXFileReference; lastKnownFileType = sourcecode.cpp.cpp; path = main.cpp; sourceTree = "<group>"; };
		5F937AEC26FFB15600588D20 /* include */ = {isa = PBXFileReference; lastKnownFileType = folder; path = include; sourceTree = "<group>"; };
		5F937AF026FFB1DD00588D20 /* map.txt */ = {isa = PBXFileReference; fileEncoding = 4; lastKnownFileType = text; name = map.txt; path = 2DShooter/map.txt; sourceTree = SOURCE_ROOT; };
		5F937AF826FFD59C00588D20 /* btn-settings.png */ = {isa = PBXFileReference; lastKnownFileType = image.png; name = "btn-settings.png"; path = "2DShooter/btn-settings.png"; sourceTree = SOURCE_ROOT; };
		5F937AFA26FFD5AC00588D20 /* btn-play.png */ = {isa = PBXFileReference; lastKnownFileType = image.png; name = "btn-play.png"; path = "2DShooter/btn-play.png"; sourceTree = SOURCE_ROOT; };
		5F937AFC26FFD6FF00588D20 /* btn-exit.png */ = {isa = PBXFileReference; lastKnownFileType = image.png; name = "btn-exit.png"; path = "2DShooter/btn-exit.png"; sourceTree = SOURCE_ROOT; };
		5F937AFE26FFDF8100588D20 /* btn-singleplayer.png */ = {isa = PBXFileReference; lastKnownFileType = image.png; name = "btn-singleplayer.png"; path = "2DShooter/btn-singleplayer.png"; sourceTree = SOURCE_ROOT; };
		5F937B0026FFDF9300588D20 /* btn-multiplayer.png */ = {isa = PBXFileReference; lastKnownFileType = image.png; name = "btn-multiplayer.png"; path = "2DShooter/btn-multiplayer.png"; sourceTree = SOURCE_ROOT; };
		5F937B0226FFDF9700588D20 /* btn-back.png */ = {isa = PBXFileReference; lastKnownFileType = image.png; name = "btn-back.png"; path = "2DShooter/btn-back.png"; sourceTree = SOURCE_ROOT; };
		5F937B0426FFF36D00588D20 /* btn-joinserver.png */ = {isa = PBXFileReference; lastKnownFileType = image.png; name = "btn-joinserver.png"; path = "2DShooter/btn-joinserver.png"; sourceTree = SOURCE_ROOT; };
		5F937B0626FFF37900588D20 /* btn-createserver.png */ = {isa = PBXFileReference; lastKnownFileType = image.png; name = "btn-createserver.png"; path = "2DShooter/btn-createserver.png"; sourceTree = SOURCE_ROOT; };
		5F937B0F27000F9100588D20 /* SourceCodePro-Regular.ttf */ = {isa = PBXFileReference; lastKnownFileType = file; name = "SourceCodePro-Regular.ttf"; path = "../../../../Fonts/Source_Code_Pro/SourceCodePro-Regular.ttf"; sourceTree = "<group>"; };
/* End PBXFileReference section */

/* Begin PBXFrameworksBuildPhase section */
		5F7C223226F833B70031CC25 /* Frameworks */ = {
			isa = PBXFrameworksBuildPhase;
			buildActionMask = 2147483647;
			files = (
			);
			runOnlyForDeploymentPostprocessing = 0;
		};
/* End PBXFrameworksBuildPhase section */

/* Begin PBXGroup section */
		5F7C222C26F833B70031CC25 = {
			isa = PBXGroup;
			children = (
				5F7C223826F833B70031CC25 /* 2DShooter */,
				5F7C223726F833B70031CC25 /* Products */,
				5F960AC826FC20A1009154DD /* Frameworks */,
			);
			sourceTree = "<group>";
		};
		5F7C223726F833B70031CC25 /* Products */ = {
			isa = PBXGroup;
			children = (
				5F7C223626F833B70031CC25 /* 2DShooter.app */,
			);
			name = Products;
			sourceTree = "<group>";
		};
		5F7C223826F833B70031CC25 /* 2DShooter */ = {
			isa = PBXGroup;
			children = (
				5F937AEC26FFB15600588D20 /* include */,
				5F7C223B26F833B80031CC25 /* ResourcePath.mm */,
				5F7C223D26F833B80031CC25 /* ResourcePath.hpp */,
				5F7C223E26F833B80031CC25 /* main.cpp */,
				5F7C224026F833B80031CC25 /* Resources */,
				5F7C223926F833B70031CC25 /* Supporting Files */,
			);
			path = 2DShooter;
			sourceTree = "<group>";
		};
		5F7C223926F833B70031CC25 /* Supporting Files */ = {
			isa = PBXGroup;
			children = (
				5F7C223A26F833B80031CC25 /* 2DShooter-Info.plist */,
			);
			path = "Supporting Files";
			sourceTree = "<group>";
		};
		5F7C224026F833B80031CC25 /* Resources */ = {
			isa = PBXGroup;
			children = (
				5F937B0F27000F9100588D20 /* SourceCodePro-Regular.ttf */,
				5F937B0626FFF37900588D20 /* btn-createserver.png */,
				5F937B0426FFF36D00588D20 /* btn-joinserver.png */,
				5F937B0226FFDF9700588D20 /* btn-back.png */,
				5F937B0026FFDF9300588D20 /* btn-multiplayer.png */,
				5F937AFE26FFDF8100588D20 /* btn-singleplayer.png */,
				5F937AFC26FFD6FF00588D20 /* btn-exit.png */,
				5F937AFA26FFD5AC00588D20 /* btn-play.png */,
				5F937AF826FFD59C00588D20 /* btn-settings.png */,
				5F937AF026FFB1DD00588D20 /* map.txt */,
			);
			path = Resources;
			sourceTree = "<group>";
		};
		5F960AC826FC20A1009154DD /* Frameworks */ = {
			isa = PBXGroup;
			children = (
			);
			name = Frameworks;
			sourceTree = "<group>";
		};
/* End PBXGroup section */

/* Begin PBXNativeTarget section */
		5F7C223526F833B70031CC25 /* 2DShooter */ = {
			isa = PBXNativeTarget;
			buildConfigurationList = 5F7C224B26F833B80031CC25 /* Build configuration list for PBXNativeTarget "2DShooter" */;
			buildPhases = (
				5F7C223126F833B70031CC25 /* Sources */,
				5F7C223226F833B70031CC25 /* Frameworks */,
				5F7C223326F833B70031CC25 /* Resources */,
				5F7C223426F833B70031CC25 /* ShellScript */,
			);
			buildRules = (
			);
			dependencies = (
			);
			name = 2DShooter;
			productName = 2DShooter;
			productReference = 5F7C223626F833B70031CC25 /* 2DShooter.app */;
			productType = "com.apple.product-type.application";
		};
/* End PBXNativeTarget section */

/* Begin PBXProject section */
		5F7C222D26F833B70031CC25 /* Project object */ = {
			isa = PBXProject;
			attributes = {
				LastUpgradeCheck = 1250;
				ORGANIZATIONNAME = "Benjamin & Timothy Tran";
				TargetAttributes = {
					5F7C223526F833B70031CC25 = {
						CreatedOnToolsVersion = 12.5.1;
					};
				};
			};
			buildConfigurationList = 5F7C223026F833B70031CC25 /* Build configuration list for PBXProject "2DShooter" */;
			compatibilityVersion = "Xcode 9.3";
			developmentRegion = en;
			hasScannedForEncodings = 0;
			knownRegions = (
				en,
				Base,
			);
			mainGroup = 5F7C222C26F833B70031CC25;
			productRefGroup = 5F7C223726F833B70031CC25 /* Products */;
			projectDirPath = "";
			projectRoot = "";
			targets = (
				5F7C223526F833B70031CC25 /* 2DShooter */,
			);
		};
/* End PBXProject section */

/* Begin PBXResourcesBuildPhase section */
		5F7C223326F833B70031CC25 /* Resources */ = {
			isa = PBXResourcesBuildPhase;
			buildActionMask = 2147483647;
			files = (
				5F937AF126FFB1DD00588D20 /* map.txt in Resources */,
				5F937AFF26FFDF8100588D20 /* btn-singleplayer.png in Resources */,
				5F937AFB26FFD5AC00588D20 /* btn-play.png in Resources */,
				5F937AF926FFD59C00588D20 /* btn-settings.png in Resources */,
				5F937AED26FFB15600588D20 /* include in Resources */,
				5F937B0726FFF37900588D20 /* btn-createserver.png in Resources */,
				5F937AFD26FFD6FF00588D20 /* btn-exit.png in Resources */,
				5F937B0526FFF36D00588D20 /* btn-joinserver.png in Resources */,
				5F937B1027000F9100588D20 /* SourceCodePro-Regular.ttf in Resources */,
				5F937B0326FFDF9700588D20 /* btn-back.png in Resources */,
				5F937B0126FFDF9300588D20 /* btn-multiplayer.png in Resources */,
			);
			runOnlyForDeploymentPostprocessing = 0;
		};
/* End PBXResourcesBuildPhase section */

/* Begin PBXShellScriptBuildPhase section */
		5F7C223426F833B70031CC25 /* ShellScript */ = {
			isa = PBXShellScriptBuildPhase;
			buildActionMask = 8;
			files = (
			);
			inputFileListPaths = (
			);
			inputPaths = (
			);
			outputFileListPaths = (
			);
			outputPaths = (
			);
			runOnlyForDeploymentPostprocessing = 1;
			shellPath = /bin/sh;
			shellScript = "# This shell script simply copies required SFML dylibs/frameworks into the application bundle frameworks folder.\n# If you're using static libraries (which is not recommended) you should remove this script from your project.\n\n# SETTINGS\nSFML_DEPENDENCIES_INSTALL_PREFIX=\"/Users/SFML/Desktop/packaging/tmp/install/Library/Frameworks\"\nCMAKE_INSTALL_FRAMEWORK_PREFIX=\"/Users/SFML/Desktop/packaging/tmp/install/Library/Frameworks\"\nCMAKE_INSTALL_LIB_PREFIX=\"/Users/SFML/Desktop/packaging/tmp/install/Library/Frameworks/lib\"\nFRAMEWORKS_FULL_PATH=\"$BUILT_PRODUCTS_DIR/$FRAMEWORKS_FOLDER_PATH/\"\n\n# Are we building a project that uses frameworks or dylibs?\ncase \"$SFML_BINARY_TYPE\" in\n    DYLIBS)\n        frameworks=\"false\"\n        ;;\n    *)\n        frameworks=\"true\"\n        ;;\nesac\n\n# Echoes to stderr\nerror () # $* message to display\n{\n    echo $* 1>&2\n    exit 2\n}\n\nassert () # $1 is a boolean, $2...N is an error message\n{\n    if [ $# -lt 2 ]\n    then\n        error \"Internal error in assert: not enough args\"\n    fi\n\n    if [ $1 -ne 0 ]\n    then\n        shift\n        error \"$*\"\n    fi\n}\n\nforce_remove () # $@ is some paths\n{\n    test $# -ge 1\n    assert $? \"force_remove() requires at least one parameter\"\n    rm -fr $@\n    assert $? \"couldn't remove $@\"\n}\n\ncopy () # $1 is a source, $2 is a destination\n{\n    test $# -eq 2\n    assert $? \"copy() requires two parameters\"\n    ditto \"$1\" \"$2\"\n    assert $? \"couldn't copy $1 to $2\"\n}\n\nrequire () # $1 is a SFML module like 'system' or 'audio'\n{\n    dest=\"$BUILT_PRODUCTS_DIR/$FRAMEWORKS_FOLDER_PATH/\"\n\n    if [ -z \"$1\" ]\n    then\n        error \"require() requires one parameter!\"\n    else\n        # clean potentially old stuff\n        force_remove \"$dest/libsfml-$1\"*\n        force_remove \"$dest/sfml-$1.framework\"\n\n        # copy SFML libraries\n        if [ \"$frameworks\" = \"true\" ]\n        then\n            source=\"$CMAKE_INSTALL_FRAMEWORK_PREFIX/sfml-$1.framework\"\n            target=\"sfml-$1.framework\"\n        elif [ \"$SFML_LINK_DYLIBS_SUFFIX\" = \"-d\" ]\n        then\n            source=\"$CMAKE_INSTALL_LIB_PREFIX/libsfml-$1-d.dylib\"\n            target=\"`readlink $source`\"\n        else\n            source=\"$CMAKE_INSTALL_LIB_PREFIX/libsfml-$1.dylib\"\n            target=\"`readlink $source`\"\n        fi\n\n        copy \"$source\" \"$dest/$target\"\n\n        # copy extra dependencies\n        if [ \"$1\" = \"audio\" ]\n        then\n            # copy \"FLAC\" \"ogg\" \"vorbis\" \"vorbisenc\" \"vorbisfile\" \"OpenAL\" frameworks too\n            for f in \"FLAC\" \"ogg\" \"vorbis\" \"vorbisenc\" \"vorbisfile\" \"OpenAL\"\n            do\n                copy \"$SFML_DEPENDENCIES_INSTALL_PREFIX/$f.framework\" \"$dest/$f.framework\"\n            done\n        elif [ \"$1\" = \"graphics\" ]\n        then\n            copy \"$SFML_DEPENDENCIES_INSTALL_PREFIX/freetype.framework\" \"$dest/freetype.framework\"\n        fi\n    fi\n}\n\nif [ -n \"$SFML_SYSTEM\" ]\nthen\n    require \"system\"\nfi\n\nif [ -n \"$SFML_AUDIO\" ]\nthen\n    require \"audio\"\nfi\n\nif [ -n \"$SFML_NETWORK\" ]\nthen\n    require \"network\"\nfi\n\nif [ -n \"$SFML_WINDOW\" ]\nthen\n    require \"window\"\nfi\n\nif [ -n \"$SFML_GRAPHICS\" ]\nthen\n    require \"graphics\"\nfi\n\n                \n";
		};
/* End PBXShellScriptBuildPhase section */

/* Begin PBXSourcesBuildPhase section */
		5F7C223126F833B70031CC25 /* Sources */ = {
			isa = PBXSourcesBuildPhase;
			buildActionMask = 2147483647;
			files = (
				5F7C223F26F833B80031CC25 /* main.cpp in Sources */,
				5F7C223C26F833B80031CC25 /* ResourcePath.mm in Sources */,
			);
			runOnlyForDeploymentPostprocessing = 0;
		};
/* End PBXSourcesBuildPhase section */

/* Begin XCBuildConfiguration section */
		5F7C224926F833B80031CC25 /* Debug */ = {
			isa = XCBuildConfiguration;
			buildSettings = {
				ARCHS = "$(NATIVE_ARCH_ACTUAL)";
				CLANG_CXX_LANGUAGE_STANDARD = "c++11";
				CLANG_CXX_LIBRARY = "libc++";
				FRAMEWORK_SEARCH_PATHS = (
					/Library/Frameworks/,
					"$(inherited)",
				);
				GCC_VERSION = com.apple.compilers.llvm.clang.1_0;
				HEADER_SEARCH_PATHS = (
					/usr/local/include/,
					"$(inherited)",
				);
				LIBRARY_SEARCH_PATHS = (
					/usr/local/lib/,
					"$(inherited)",
				);
				MACOSX_DEPLOYMENT_TARGET = 10.7;
				OTHER_LDFLAGS = (
					"$(inherited)",
					"$(SFML_SYSTEM)",
					"$(SFML_WINDOW)",
					"$(SFML_GRAPHICS)",
					"$(SFML_AUDIO)",
					"$(SFML_NETWORK)",
				);
				SFML_AUDIO = "$(SFML_LINK_PREFIX) sfml-audio$(SFML_LINK_SUFFIX)";
				SFML_BINARY_TYPE = FRAMEWORKS;
				SFML_GRAPHICS = "$(SFML_LINK_PREFIX) sfml-graphics$(SFML_LINK_SUFFIX)";
				SFML_LINK_DYLIBS_PREFIX = "-l";
				SFML_LINK_DYLIBS_SUFFIX = "";
				SFML_LINK_FRAMEWORKS_PREFIX = "-framework";
				SFML_LINK_FRAMEWORKS_SUFFIX = "";
				SFML_LINK_PREFIX = "$(SFML_LINK_$(SFML_BINARY_TYPE)_PREFIX)";
				SFML_LINK_SUFFIX = "$(SFML_LINK_$(SFML_BINARY_TYPE)_SUFFIX)";
				SFML_NETWORK = "$(SFML_LINK_PREFIX) sfml-network$(SFML_LINK_SUFFIX)";
				SFML_SYSTEM = "$(SFML_LINK_PREFIX) sfml-system$(SFML_LINK_SUFFIX)";
				SFML_WINDOW = "$(SFML_LINK_PREFIX) sfml-window$(SFML_LINK_SUFFIX)";
				SUPPORTED_PLATFORMS = macosx;
			};
			name = Debug;
		};
		5F7C224A26F833B80031CC25 /* Release */ = {
			isa = XCBuildConfiguration;
			buildSettings = {
				ARCHS = "$(NATIVE_ARCH_ACTUAL)";
				CLANG_CXX_LANGUAGE_STANDARD = "c++11";
				CLANG_CXX_LIBRARY = "libc++";
				FRAMEWORK_SEARCH_PATHS = (
					/Library/Frameworks/,
					"$(inherited)",
				);
				GCC_VERSION = com.apple.compilers.llvm.clang.1_0;
				HEADER_SEARCH_PATHS = (
					/usr/local/include/,
					"$(inherited)",
				);
				LIBRARY_SEARCH_PATHS = (
					/usr/local/lib/,
					"$(inherited)",
				);
				MACOSX_DEPLOYMENT_TARGET = 10.7;
				OTHER_LDFLAGS = (
					"$(inherited)",
					"$(SFML_SYSTEM)",
					"$(SFML_WINDOW)",
					"$(SFML_GRAPHICS)",
					"$(SFML_AUDIO)",
					"$(SFML_NETWORK)",
				);
				SFML_AUDIO = "$(SFML_LINK_PREFIX) sfml-audio$(SFML_LINK_SUFFIX)";
				SFML_BINARY_TYPE = FRAMEWORKS;
				SFML_GRAPHICS = "$(SFML_LINK_PREFIX) sfml-graphics$(SFML_LINK_SUFFIX)";
				SFML_LINK_DYLIBS_PREFIX = "-l";
				SFML_LINK_DYLIBS_SUFFIX = "";
				SFML_LINK_FRAMEWORKS_PREFIX = "-framework";
				SFML_LINK_FRAMEWORKS_SUFFIX = "";
				SFML_LINK_PREFIX = "$(SFML_LINK_$(SFML_BINARY_TYPE)_PREFIX)";
				SFML_LINK_SUFFIX = "$(SFML_LINK_$(SFML_BINARY_TYPE)_SUFFIX)";
				SFML_NETWORK = "$(SFML_LINK_PREFIX) sfml-network$(SFML_LINK_SUFFIX)";
				SFML_SYSTEM = "$(SFML_LINK_PREFIX) sfml-system$(SFML_LINK_SUFFIX)";
				SFML_WINDOW = "$(SFML_LINK_PREFIX) sfml-window$(SFML_LINK_SUFFIX)";
				SUPPORTED_PLATFORMS = macosx;
			};
			name = Release;
		};
		5F7C224C26F833B80031CC25 /* Debug */ = {
			isa = XCBuildConfiguration;
			buildSettings = {
				CLANG_CXX_LANGUAGE_STANDARD = "c++17";
				CODE_SIGN_STYLE = Automatic;
				HEADER_SEARCH_PATHS = /usr/local/include;
				INFOPLIST_FILE = "2DShooter/2DShooter-Info.plist";
				LD_RUNPATH_SEARCH_PATHS = "@loader_path/../Frameworks";
				"OTHER_CFLAGS[arch=*]" = "-I//Users/BenjaminTimothy/Documents/Xcode-Projects/2DShooter/2DShooter/include/";
				PRODUCT_NAME = "$(TARGET_NAME)";
			};
			name = Debug;
		};
		5F7C224D26F833B80031CC25 /* Release */ = {
			isa = XCBuildConfiguration;
			buildSettings = {
				CLANG_CXX_LANGUAGE_STANDARD = "c++17";
				CODE_SIGN_STYLE = Automatic;
				HEADER_SEARCH_PATHS = /usr/local/include;
				INFOPLIST_FILE = "2DShooter/2DShooter-Info.plist";
				LD_RUNPATH_SEARCH_PATHS = "@loader_path/../Frameworks";
				OTHER_CFLAGS = "";
				"OTHER_CFLAGS[arch=*]" = "-I/Users/BenjaminTimothy/Documents/Xcode-Projects/2DShooter/2DShooter/include/";
				PRODUCT_NAME = "$(TARGET_NAME)";
			};
			name = Release;
		};
/* End XCBuildConfiguration section */

/* Begin XCConfigurationList section */
		5F7C223026F833B70031CC25 /* Build configuration list for PBXProject "2DShooter" */ = {
			isa = XCConfigurationList;
			buildConfigurations = (
				5F7C224926F833B80031CC25 /* Debug */,
				5F7C224A26F833B80031CC25 /* Release */,
			);
			defaultConfigurationIsVisible = 0;
			defaultConfigurationName = Release;
		};
		5F7C224B26F833B80031CC25 /* Build configuration list for PBXNativeTarget "2DShooter" */ = {
			isa = XCConfigurationList;
			buildConfigurations = (
				5F7C224C26F833B80031CC25 /* Debug */,
				5F7C224D26F833B80031CC25 /* Release */,
			);
			defaultConfigurationIsVisible = 0;
			defaultConfigurationName = Release;
		};
/* End XCConfigurationList section */
	};
	rootObject = 5F7C222D26F833B70031CC25 /* Project object */;
}
